
Microsoft Visual Studio Solution File, Format Version 12.00
# Visual Studio Version 17
VisualStudioVersion = 17.3.32825.248
MinimumVisualStudioVersion = 10.0.40219.1
Project("{FAE04EC0-301F-11D3-BF4B-00C04F79EFBC}") = "StringEX", "StringEX\StringEX.csproj", "{892DDC38-F8AB-4D02-BB35-4BC06801C78A}"
EndProject
Global
	GlobalSection(SolutionConfigurationPlatforms) = preSolution
		Debug|Any CPU = Debug|Any CPU
		Release|Any CPU = Release|Any CPU
	EndGlobalSection
	GlobalSection(ProjectConfigurationPlatforms) = postSolution
		{892DDC38-F8AB-4D02-BB35-4BC06801C78A}.Debug|Any CPU.ActiveCfg = Debug|Any CPU
		{892DDC38-F8AB-4D02-BB35-4BC06801C78A}.Debug|Any CPU.Build.0 = Debug|Any CPU
		{892DDC38-F8AB-4D02-BB35-4BC06801C78A}.Release|Any CPU.ActiveCfg = Release|Any CPU
		{892DDC38-F8AB-4D02-BB35-4BC06801C78A}.Release|Any CPU.Build.0 = Release|Any CPU
	EndGlobalSection
	GlobalSection(SolutionProperties) = preSolution
		HideSolutionNode = FALSE
	EndGlobalSection
	GlobalSection(ExtensibilityGlobals) = postSolution
		SolutionGuid = {649994C3-391D-4984-8345-FC582C44D425}
	EndGlobalSection
EndGlobal
